PODS:
  - Flutter (1.0.0)
  - Zendesk (3.2.0):
    - ZendeskSDKConversationKit (~> 6.1.0)
    - ZendeskSDKCoreUtilities (~> 2.4.0)
  - zendesk_messaging (2.24.0):
    - Flutter
    - ZendeskSDKMessaging (= 2.24.0)
  - ZendeskSDKConversationKit (6.1.0):
    - ZendeskSDKCoreUtilities (~> 2.4.0)
    - ZendeskSDKFayeClient (~> 1.9.0)
    - ZendeskSDKHTTPClient (~> 0.16.0)
    - ZendeskSDKStorage (~> 1.1.0)
  - ZendeskSDKCoreUtilities (2.4.0)
  - ZendeskSDKFayeClient (1.9.0):
    - ZendeskSDKLogger (~> 0.10.0)
    - ZendeskSDKSocketClient (~> 1.8.0)
  - ZendeskSDKGuideKit (1.1.0):
    - ZendeskSDKCoreUtilities (~> 2.4.0)
    - ZendeskSDKHTTPClient (~> 0.16.0)
    - ZendeskSDKLogger (~> 0.10.0)
    - ZendeskSDKStorage (~> 1.1.0)
  - ZendeskSDKHTTPClient (0.16.0):
    - ZendeskSDKLogger (~> 0.10.0)
  - ZendeskSDKLogger (0.10.0)
  - ZendeskSDKMessaging (2.24.0):
    - Zendesk (~> 3.2.0)
    - ZendeskSDKConversationKit (~> 6.1.0)
    - ZendeskSDKCoreUtilities (~> 2.4.0)
    - ZendeskSDKGuideKit (~> 1.1.0)
    - ZendeskSDKUIComponents (~> 9.2.0)
  - ZendeskSDKSocketClient (1.8.0):
    - ZendeskSDKLogger (~> 0.10.0)
  - ZendeskSDKStorage (1.1.0):
    - ZendeskSDKLogger (~> 0.10.0)
  - ZendeskSDKUIComponents (9.2.0):
    - ZendeskSDKCoreUtilities (~> 2.4.0)

DEPENDENCIES:
  - Flutter (from `Flutter`)
  - zendesk_messaging (from `.symlinks/plugins/zendesk_messaging/ios`)

SPEC REPOS:
  trunk:
    - Zendesk
    - ZendeskSDKConversationKit
    - ZendeskSDKCoreUtilities
    - ZendeskSDKFayeClient
    - ZendeskSDKGuideKit
    - ZendeskSDKHTTPClient
    - ZendeskSDKLogger
    - ZendeskSDKMessaging
    - ZendeskSDKSocketClient
    - ZendeskSDKStorage
    - ZendeskSDKUIComponents

EXTERNAL SOURCES:
  Flutter:
    :path: Flutter
  zendesk_messaging:
    :path: ".symlinks/plugins/zendesk_messaging/ios"

SPEC CHECKSUMS:
  Flutter: e0871f40cf51350855a761d2e70bf5af5b9b5de7
  Zendesk: 28923449e8f16aa1155c3924fd7b69fcefdf6659
  zendesk_messaging: 79254b394ad15def944e7ca5afcb93fc8f2ccc88
  ZendeskSDKConversationKit: 6e1c0459359b285ced87fa1f64484eddba70e16e
  ZendeskSDKCoreUtilities: 49a26605c3852322ad19a403519306eedb1e1576
  ZendeskSDKFayeClient: 4ad18d64d3c40f73acc131c0ae877fdabd07aeb6
  ZendeskSDKGuideKit: 0c0b5beb6aa2d62c792c444401b3212b928794df
  ZendeskSDKHTTPClient: 09b794b1d47a09177cd5668e0e6c0cba1099d639
  ZendeskSDKLogger: fe3963f7a9c3cc28d3337ce4a4f66efdfc65563c
  ZendeskSDKMessaging: b3392e84b9a39c756c6dd6536d505549be53899e
  ZendeskSDKSocketClient: 1df89a081d6f707da66f160ec16b89d1b0f83628
  ZendeskSDKStorage: 601155a625e2cb720e43c4a37aaaa644c0e2b94e
  ZendeskSDKUIComponents: d21d5d74344c6cd84ae4d0dff8d901f4b8e5a6ea

PODFILE CHECKSUM: 4e8f8b2be68aeea4c0d5beb6ff1e79fface1d048

COCOAPODS: 1.15.2
