PODS:
  - Flutter (1.0.0)
  - Zendesk (1.8.0):
    - ZendeskSDKConversationKit (~> 1.6.0)
  - zendesk_messaging (2.6.0):
    - Flutter
    - ZendeskSDKMessaging (= 2.8.0)
  - ZendeskSDKConversationKit (1.6.0):
    - ZendeskSDKFayeClient (~> 1.2.0)
    - ZendeskSDKHTTPClient (~> 0.9.0)
    - ZendeskSDKStorage (~> 0.5.0)
  - ZendeskSDKFayeClient (1.2.0):
    - ZendeskSDKLogger (~> 0.5.0)
    - ZendeskSDKSocketClient (~> 1.2.0)
  - ZendeskSDKHTTPClient (0.9.0):
    - ZendeskSDKLogger (~> 0.5.0)
  - ZendeskSDKLogger (0.5.0)
  - ZendeskSDKMessaging (2.8.0):
    - Zendesk (~> 1.8.0)
    - ZendeskSDKConversationKit (~> 1.6.0)
    - ZendeskSDKUIComponents (~> 2.3.0)
  - ZendeskSDKSocketClient (1.2.0):
    - ZendeskSDKLogger (~> 0.5.0)
  - ZendeskSDKStorage (0.5.0):
    - ZendeskSDKLogger (~> 0.5.0)
  - ZendeskSDKUIComponents (2.3.0)

DEPENDENCIES:
  - Flutter (from `Flutter`)
  - zendesk_messaging (from `.symlinks/plugins/zendesk_messaging/ios`)

SPEC REPOS:
  trunk:
    - Zendesk
    - ZendeskSDKConversationKit
    - ZendeskSDKFayeClient
    - ZendeskSDKHTTPClient
    - ZendeskSDKLogger
    - ZendeskSDKMessaging
    - ZendeskSDKSocketClient
    - ZendeskSDKStorage
    - ZendeskSDKUIComponents

EXTERNAL SOURCES:
  Flutter:
    :path: Flutter
  zendesk_messaging:
    :path: ".symlinks/plugins/zendesk_messaging/ios"

SPEC CHECKSUMS:
  Flutter: f04841e97a9d0b0a8025694d0796dd46242b2854
  Zendesk: bc72c7a3c0284c717f3220c27dc7308876d1b353
  zendesk_messaging: bb288119ad928f10968d976fc87a8e56988322e0
  ZendeskSDKConversationKit: d4c9f11cdc6dac0488fb79a04d3a4bad7fc58bce
  ZendeskSDKFayeClient: c1d4b9973cdf999c7a717c981c4cd4c6e1186f93
  ZendeskSDKHTTPClient: 3d4b59eb72555d5cf84fd9761712762890e1d12b
  ZendeskSDKLogger: 9d80689480792be806f3c777124c87bbaed9394f
  ZendeskSDKMessaging: d087596e699cf076c2bda39dea55498c399d4e4d
  ZendeskSDKSocketClient: 4c11b499acc0c4abe55c5574a74ff8135b7b7624
  ZendeskSDKStorage: be97db5c9418cecbd15e1b24b732cc0e8e10a991
  ZendeskSDKUIComponents: b9a3a6d3036ebd093229a2c7e7c598afc870fb47

PODFILE CHECKSUM: 7368163408c647b7eb699d0d788ba6718e18fb8d

COCOAPODS: 1.11.2
